
Microsoft Visual Studio Solution File, Format Version 12.00
# Visual Studio Version 17
VisualStudioVersion = 17.14.36908.2 d17.14
MinimumVisualStudioVersion = 10.0.40219.1
Project("{8BC9CEB8-8B4A-11D0-8D11-00A0C91BC942}") = "54BroCodeENUMS", "54BroCodeENUMS\54BroCodeENUMS.vcxproj", "{7826D81F-08E4-42A6-A917-35901BD23182}"
EndProject
Global
	GlobalSection(SolutionConfigurationPlatforms) = preSolution
		Debug|x64 = Debug|x64
		Debug|x86 = Debug|x86
		Release|x64 = Release|x64
		Release|x86 = Release|x86
	EndGlobalSection
	GlobalSection(ProjectConfigurationPlatforms) = postSolution
		{7826D81F-08E4-42A6-A917-35901BD23182}.Debug|x64.ActiveCfg = Debug|x64
		{7826D81F-08E4-42A6-A917-35901BD23182}.Debug|x64.Build.0 = Debug|x64
		{7826D81F-08E4-42A6-A917-35901BD23182}.Debug|x86.ActiveCfg = Debug|Win32
		{7826D81F-08E4-42A6-A917-35901BD23182}.Debug|x86.Build.0 = Debug|Win32
		{7826D81F-08E4-42A6-A917-35901BD23182}.Release|x64.ActiveCfg = Release|x64
		{7826D81F-08E4-42A6-A917-35901BD23182}.Release|x64.Build.0 = Release|x64
		{7826D81F-08E4-42A6-A917-35901BD23182}.Release|x86.ActiveCfg = Release|Win32
		{7826D81F-08E4-42A6-A917-35901BD23182}.Release|x86.Build.0 = Release|Win32
	EndGlobalSection
	GlobalSection(SolutionProperties) = preSolution
		HideSolutionNode = FALSE
	EndGlobalSection
	GlobalSection(ExtensibilityGlobals) = postSolution
		SolutionGuid = {FE107A01-03BA-4209-B99F-5441E8A7B44B}
	EndGlobalSection
EndGlobal
